
Microsoft Visual Studio Solution File, Format Version 12.00
# Visual Studio Version 17
VisualStudioVersion = 17.4.33213.308
MinimumVisualStudioVersion = 10.0.40219.1
Project("{FAE04EC0-301F-11D3-BF4B-00C04F79EFBC}") = "OrdersApiApp", "OrdersApiApp\OrdersApiApp.csproj", "{99CDDE49-2A78-4974-8497-BE44E370075B}"
EndProject
Global
	GlobalSection(SolutionConfigurationPlatforms) = preSolution
		Debug|Any CPU = Debug|Any CPU
		Release|Any CPU = Release|Any CPU
	EndGlobalSection
	GlobalSection(ProjectConfigurationPlatforms) = postSolution
		{99CDDE49-2A78-4974-8497-BE44E370075B}.Debug|Any CPU.ActiveCfg = Debug|Any CPU
		{99CDDE49-2A78-4974-8497-BE44E370075B}.Debug|Any CPU.Build.0 = Debug|Any CPU
		{99CDDE49-2A78-4974-8497-BE44E370075B}.Release|Any CPU.ActiveCfg = Release|Any CPU
		{99CDDE49-2A78-4974-8497-BE44E370075B}.Release|Any CPU.Build.0 = Release|Any CPU
	EndGlobalSection
	GlobalSection(SolutionProperties) = preSolution
		HideSolutionNode = FALSE
	EndGlobalSection
	GlobalSection(ExtensibilityGlobals) = postSolution
		SolutionGuid = {ED1D38E5-8A1C-4EF4-9241-32EF74FE4E29}
	EndGlobalSection
EndGlobal
